
Microsoft Visual Studio Solution File, Format Version 12.00
# Visual Studio Version 16
VisualStudioVersion = 16.0.30225.117
MinimumVisualStudioVersion = 10.0.40219.1
Project("{FAE04EC0-301F-11D3-BF4B-00C04F79EFBC}") = "FAQUIApp", "FAQUIApp\FAQUIApp.csproj", "{E9B41160-DFF5-40E7-884F-7353B727A7FF}"
EndProject
Global
	GlobalSection(SolutionConfigurationPlatforms) = preSolution
		Debug|Any CPU = Debug|Any CPU
		Release|Any CPU = Release|Any CPU
	EndGlobalSection
	GlobalSection(ProjectConfigurationPlatforms) = postSolution
		{E9B41160-DFF5-40E7-884F-7353B727A7FF}.Debug|Any CPU.ActiveCfg = Debug|Any CPU
		{E9B41160-DFF5-40E7-884F-7353B727A7FF}.Debug|Any CPU.Build.0 = Debug|Any CPU
		{E9B41160-DFF5-40E7-884F-7353B727A7FF}.Release|Any CPU.ActiveCfg = Release|Any CPU
		{E9B41160-DFF5-40E7-884F-7353B727A7FF}.Release|Any CPU.Build.0 = Release|Any CPU
	EndGlobalSection
	GlobalSection(SolutionProperties) = preSolution
		HideSolutionNode = FALSE
	EndGlobalSection
	GlobalSection(ExtensibilityGlobals) = postSolution
		SolutionGuid = {C4772089-AF82-47E0-88B9-6ECC8A01835A}
	EndGlobalSection
EndGlobal
